{
    "_readme": [
        "This file locks the dependencies of your project to a known state",
        "Read more about it at http://getcomposer.org/doc/01-basic-usage.md#composer-lock-the-lock-file"
    ],
    "hash": "cf98a258be2aa6eff10160e61ef33ddb",
    "packages": [

    ],
    "packages-dev": [
        {
            "name": "eloquent/asplode",
            "version": "1.0.5",
            "source": {
                "type": "git",
                "url": "https://github.com/eloquent/asplode.git",
                "reference": "1.0.5"
            },
            "dist": {
                "type": "zip",
                "url": "https://api.github.com/repos/eloquent/asplode/zipball/1.0.5",
                "reference": "1.0.5",
                "shasum": ""
            },
            "require": {
                "icecave/isolator": ">=2.0,<3.0",
                "php": ">=5.3.0"
            },
            "require-dev": {
                "icecave/archer": ">=0.2,<1.0"
            },
            "type": "library",
            "autoload": {
                "psr-0": {
                    "Eloquent\\Asplode": "src"
                }
            },
            "notification-url": "https://packagist.org/downloads/",
            "license": [
                "MIT"
            ],
            "authors": [
                {
                    "name": "Erin Millard",
                    "email": "ezzatron@gmail.com",
                    "homepage": "http://ezzatron.com/"
                }
            ],
            "description": "Drop-in exception-based error handling for PHP.",
            "homepage": "https://github.com/eloquent/asplode",
            "keywords": [
                "error",
                "errorexception",
                "exception",
                "failure",
                "fault",
                "handler",
                "handling"
            ],
            "time": "2013-03-04 08:07:03"
        },
        {
            "name": "eloquent/blox",
            "version": "1.2.0",
            "source": {
                "type": "git",
                "url": "https://github.com/eloquent/blox.git",
                "reference": "1.2.0"
            },
            "dist": {
                "type": "zip",
                "url": "https://github.com/eloquent/blox/zipball/1.2.0",
                "reference": "1.2.0",
                "shasum": ""
            },
            "require": {
                "php": ">=5.3.0"
            },
            "require-dev": {
                "phake/phake": "1.*"
            },
            "type": "library",
            "autoload": {
                "psr-0": {
                    "Eloquent\\Blox": "src"
                }
            },
            "notification-url": "https://packagist.org/downloads/",
            "license": [
                "MIT"
            ],
            "authors": [
                {
                    "name": "Erin Millard",
                    "email": "ezzatron@gmail.com",
                    "homepage": "http://ezzatron.com/"
                }
            ],
            "description": "A parser for block comment documentation.",
            "homepage": "https://github.com/eloquent/blox",
            "keywords": [
                "annotation",
                "block",
                "comment",
                "docblock",
                "documentation",
                "parser",
                "phpDocumentor",
                "phpdoc",
                "tag"
            ],
            "time": "2012-08-04 23:40:35"
        },
        {
            "name": "eloquent/cosmos",
            "version": "2.3.1",
            "source": {
                "type": "git",
                "url": "https://github.com/eloquent/cosmos.git",
                "reference": "2.3.1"
            },
            "dist": {
                "type": "zip",
                "url": "https://api.github.com/repos/eloquent/cosmos/zipball/2.3.1",
                "reference": "2.3.1",
                "shasum": ""
            },
            "require": {
                "eloquent/equality": ">=2.0,<3.0",
                "icecave/isolator": ">=2.0,<3.0",
                "php": ">=5.3.0"
            },
            "require-dev": {
                "icecave/archer": ">=0.2,<1.0"
            },
            "type": "library",
            "autoload": {
                "psr-0": {
                    "Eloquent\\Cosmos": "src"
                }
            },
            "notification-url": "https://packagist.org/downloads/",
            "license": [
                "MIT"
            ],
            "authors": [
                {
                    "name": "Erin Millard",
                    "email": "ezzatron@gmail.com",
                    "homepage": "http://ezzatron.com/"
                }
            ],
            "description": "A library for representing and manipulating PHP class names.",
            "homepage": "https://github.com/eloquent/cosmos",
            "keywords": [
                "class",
                "classname",
                "name",
                "namespace",
                "php",
                "resolver",
                "solver"
            ],
            "time": "2013-03-04 09:26:13"
        },
        {
            "name": "eloquent/enumeration",
            "version": "3.0.2",
            "source": {
                "type": "git",
                "url": "https://github.com/eloquent/enumeration.git",
                "reference": "3.0.2"
            },
            "dist": {
                "type": "zip",
                "url": "https://api.github.com/repos/eloquent/enumeration/zipball/3.0.2",
                "reference": "3.0.2",
                "shasum": ""
            },
            "require": {
                "php": ">=5.3.0"
            },
            "require-dev": {
                "icecave/archer": ">=0.2,<1.0"
            },
            "type": "library",
            "autoload": {
                "psr-0": {
                    "Eloquent\\Enumeration": "src"
                }
            },
            "notification-url": "https://packagist.org/downloads/",
            "license": [
                "MIT"
            ],
            "authors": [
                {
                    "name": "Erin Millard",
                    "email": "ezzatron@gmail.com",
                    "homepage": "http://ezzatron.com/"
                }
            ],
            "description": "An enumeration implementation for PHP.",
            "homepage": "https://github.com/eloquent/enumeration",
            "keywords": [
                "class",
                "enum",
                "enumeration",
                "set"
            ],
            "time": "2013-03-04 09:52:52"
        },
        {
            "name": "eloquent/equality",
            "version": "2.1.1",
            "source": {
                "type": "git",
                "url": "https://github.com/eloquent/equality.git",
                "reference": "2.1.1"
            },
            "dist": {
                "type": "zip",
                "url": "https://api.github.com/repos/eloquent/equality/zipball/2.1.1",
                "reference": "2.1.1",
                "shasum": ""
            },
            "require": {
                "php": ">=5.3.0"
            },
            "require-dev": {
                "icecave/archer": ">=0.2,<1.0"
            },
            "type": "library",
            "autoload": {
                "psr-0": {
                    "Eloquent\\Equality": "src"
                }
            },
            "notification-url": "https://packagist.org/downloads/",
            "license": [
                "MIT"
            ],
            "authors": [
                {
                    "name": "Erin Millard",
                    "email": "ezzatron@gmail.com",
                    "homepage": "http://ezzatron.com/"
                }
            ],
            "description": "A better strict comparison for PHP.",
            "homepage": "https://github.com/eloquent/equality",
            "keywords": [
                "comparison",
                "deep",
                "equality",
                "object",
                "strict"
            ],
            "time": "2013-03-04 09:38:33"
        },
        {
            "name": "eloquent/typhax",
            "version": "0.9.1",
            "source": {
                "type": "git",
                "url": "https://github.com/eloquent/typhax.git",
                "reference": "0.9.1"
            },
            "dist": {
                "type": "zip",
                "url": "https://api.github.com/repos/eloquent/typhax/zipball/0.9.1",
                "reference": "0.9.1",
                "shasum": ""
            },
            "require": {
                "eloquent/cosmos": ">=2.0,<3.0",
                "ext-mbstring": "*",
                "php": ">=5.3.0"
            },
            "require-dev": {
                "icecave/archer": ">=0.2,<1.0"
            },
            "type": "library",
            "autoload": {
                "psr-0": {
                    "Eloquent\\Typhax": "src"
                }
            },
            "notification-url": "https://packagist.org/downloads/",
            "license": [
                "MIT"
            ],
            "authors": [
                {
                    "name": "Erin Millard",
                    "email": "ezzatron@gmail.com",
                    "homepage": "http://ezzatron.com/"
                }
            ],
            "description": "A flexible PHP type hinting syntax.",
            "homepage": "https://github.com/eloquent/typhax",
            "keywords": [
                "check",
                "checking",
                "hint",
                "hinting",
                "parser",
                "syntax",
                "type"
            ],
            "time": "2013-03-04 10:28:53"
        },
        {
            "name": "eloquent/typhoon",
            "version": "0.9.0",
            "source": {
                "type": "git",
                "url": "https://github.com/eloquent/typhoon.git",
                "reference": "0.9.0"
            },
            "dist": {
                "type": "zip",
                "url": "https://api.github.com/repos/eloquent/typhoon/zipball/0.9.0",
                "reference": "0.9.0",
                "shasum": ""
            },
            "require": {
                "eloquent/asplode": ">=1.0,<2.0",
                "eloquent/blox": ">=1.0,<2.0",
                "eloquent/cosmos": ">=2.0,<3.0",
                "eloquent/enumeration": ">=3.0,<4.0",
                "eloquent/typhax": ">=0.9,<1.0",
                "icecave/isolator": ">=2.0,<3.0",
                "icecave/pasta-ast": ">=0.1,<1.0",
                "icecave/rasta": ">=0.1,<1.0",
                "php": ">=5.3.0",
                "symfony/console": ">=2.0,<3.0",
                "symfony/filesystem": ">=2.0,<3.0"
            },
            "require-dev": {
                "eloquent/liberator": ">=1.0,<2.0",
                "ezzatron/phpunit-extensions": ">=1.0,<2.0",
                "icecave/archer": ">=0.1,<1.0"
            },
            "bin": [
                "bin/typhoon"
            ],
            "type": "library",
            "autoload": {
                "psr-0": {
                    "Eloquent\\Typhoon\\TypeCheck": "src-typhoon",
                    "Eloquent\\Typhoon": "src"
                }
            },
            "notification-url": "https://packagist.org/downloads/",
            "license": [
                "MIT"
            ],
            "authors": [
                {
                    "name": "Erin Millard",
                    "email": "ezzatron@gmail.com",
                    "homepage": "http://ezzatron.com/"
                }
            ],
            "description": "Simple, flexible type-checking for PHP.",
            "homepage": "https://github.com/eloquent/typhoon",
            "keywords": [
                "check",
                "checking",
                "hint",
                "hinting",
                "type"
            ],
            "time": "2013-02-18 23:16:04"
        },
        {
            "name": "icecave/archer",
            "version": "0.3.1",
            "source": {
                "type": "git",
                "url": "https://github.com/IcecaveStudios/archer.git",
                "reference": "0.3.1"
            },
            "dist": {
                "type": "zip",
                "url": "https://api.github.com/repos/IcecaveStudios/archer/zipball/0.3.1",
                "reference": "0.3.1",
                "shasum": ""
            },
            "require": {
                "phake/phake": ">=1.0,<2.0",
                "php": ">=5.3",
                "symfony/console": ">=2.0,<3.0",
                "symfony/process": ">=2.0,<3.0"
            },
            "suggest": {
                "ext-openssl": "OpenSSL is required to encrypt GitHub OAuth tokens for artifact publication."
            },
            "bin": [
                "bin/archer",
                "bin/woodhouse"
            ],
            "type": "library",
            "autoload": {
                "psr-0": {
                    "Icecave\\Archer": "lib"
                }
            },
            "notification-url": "https://packagist.org/downloads/",
            "license": [
                "MIT"
            ],
            "authors": [
                {
                    "name": "Erin Millard",
                    "email": "ezzatron@gmail.com",
                    "homepage": "http://ezzatron.com/"
                },
                {
                    "name": "James Harris",
                    "email": "james.harris@icecave.com.au"
                }
            ],
            "description": "PHP testing and continuous integration by convention.",
            "homepage": "https://github.com/IcecaveStudios/archer",
            "keywords": [
                "artifacts",
                "coverage",
                "phake",
                "phpunit",
                "test",
                "testing",
                "unit"
            ],
            "time": "2013-04-30 07:52:53"
        },
        {
            "name": "icecave/collections",
            "version": "0.6.0",
            "source": {
                "type": "git",
                "url": "https://github.com/IcecaveStudios/collections.git",
                "reference": "0.6.0"
            },
            "dist": {
                "type": "zip",
                "url": "https://api.github.com/repos/IcecaveStudios/collections/zipball/0.6.0",
                "reference": "0.6.0",
                "shasum": ""
            },
            "require": {
                "icecave/repr": ">=1.0,<2.0",
                "php": ">=5.3.3"
            },
            "require-dev": {
                "eloquent/liberator": ">=1.0,<2.0",
                "eloquent/typhoon": ">=0.9,<1.0",
                "icecave/archer": ">=0.2,<1.0"
            },
            "type": "library",
            "extra": {
                "typhoon": {
                    "output-path": "lib-typhoon",
                    "validator-namespace": "Icecave\\Collections\\TypeCheck",
                    "use-native-callable": false
                }
            },
            "autoload": {
                "psr-0": {
                    "Icecave\\Collections": "lib",
                    "Icecave\\Collections\\TypeCheck": "lib-typhoon"
                }
            },
            "notification-url": "https://packagist.org/downloads/",
            "license": [
                "MIT"
            ],
            "authors": [
                {
                    "name": "James Harris",
                    "email": "james.harris@icecave.com.au"
                }
            ],
            "description": "A set of PHP collection types loosely inspired by the .NET runtime and the C++ STL.",
            "homepage": "https://github.com/IcecaveStudios/collections",
            "keywords": [
                "array",
                "collection",
                "container",
                "hash",
                "map",
                "queue",
                "sequence",
                "stack"
            ],
            "time": "2013-02-26 04:19:11"
        },
        {
            "name": "icecave/isolator",
            "version": "2.1.2",
            "source": {
                "type": "git",
                "url": "https://github.com/IcecaveStudios/isolator.git",
                "reference": "2.1.2"
            },
            "dist": {
                "type": "zip",
                "url": "https://api.github.com/repos/IcecaveStudios/isolator/zipball/2.1.2",
                "reference": "2.1.2",
                "shasum": ""
            },
            "require": {
                "php": ">=5.3.3"
            },
            "require-dev": {
                "icecave/archer": ">=0.3,<1.0"
            },
            "type": "library",
            "autoload": {
                "psr-0": {
                    "Icecave\\Isolator": "lib"
                }
            },
            "notification-url": "https://packagist.org/downloads/",
            "license": [
                "MIT"
            ],
            "authors": [
                {
                    "name": "James Harris",
                    "email": "james.harris@icecave.com.au"
                }
            ],
            "description": "Isolate PHP tests from the global environment.",
            "homepage": "https://github.com/IcecaveStudios/isolator",
            "keywords": [
                "fake",
                "mock",
                "phake",
                "phpunit",
                "test",
                "unit"
            ],
            "time": "2013-04-05 04:37:02"
        },
        {
            "name": "icecave/pasta-ast",
            "version": "0.1.0",
            "source": {
                "type": "git",
                "url": "https://github.com/IcecaveStudios/pasta-ast.git",
                "reference": "0.1.0"
            },
            "dist": {
                "type": "zip",
                "url": "https://github.com/IcecaveStudios/pasta-ast/archive/0.1.0.zip",
                "reference": "0.1.0",
                "shasum": ""
            },
            "require": {
                "eloquent/enumeration": "3.*",
                "php": ">=5.3.0"
            },
            "require-dev": {
                "phake/phake": "1.*"
            },
            "type": "library",
            "autoload": {
                "psr-0": {
                    "Icecave\\Pasta\\AST": "lib"
                }
            },
            "notification-url": "https://packagist.org/downloads/",
            "license": [
                "MIT"
            ],
            "authors": [
                {
                    "name": "James Harris",
                    "email": "james.harris@icecave.com.au"
                }
            ],
            "description": "PHP AST implementation.",
            "homepage": "https://github.com/IcecaveStudios/pasta-ast",
            "keywords": [
                "abstract",
                "ast",
                "parser",
                "syntax",
                "tree"
            ],
            "time": "2012-11-28 12:00:39"
        },
        {
            "name": "icecave/rasta",
            "version": "0.1.4",
            "source": {
                "type": "git",
                "url": "https://github.com/IcecaveStudios/rasta.git",
                "reference": "0.1.4"
            },
            "dist": {
                "type": "zip",
                "url": "https://github.com/IcecaveStudios/rasta/archive/0.1.4.zip",
                "reference": "0.1.4",
                "shasum": ""
            },
            "require": {
                "icecave/collections": "*",
                "icecave/pasta-ast": "0.1.*",
                "php": ">=5.3.0"
            },
            "require-dev": {
                "icecave/testing": "1.*"
            },
            "type": "library",
            "autoload": {
                "psr-0": {
                    "Icecave\\Rasta": "lib"
                }
            },
            "notification-url": "https://packagist.org/downloads/",
            "license": [
                "MIT"
            ],
            "authors": [
                {
                    "name": "James Harris",
                    "email": "james.harris@icecave.com.au"
                }
            ],
            "description": "PHP code generation library.",
            "homepage": "https://github.com/IcecaveStudios/rasta",
            "keywords": [
                "ast",
                "parser"
            ],
            "time": "2013-01-14 14:06:52"
        },
        {
            "name": "icecave/repr",
            "version": "1.0.0",
            "source": {
                "type": "git",
                "url": "https://github.com/IcecaveStudios/repr.git",
                "reference": "1.0.0"
            },
            "dist": {
                "type": "zip",
                "url": "https://github.com/IcecaveStudios/repr/archive/1.0.0.zip",
                "reference": "1.0.0",
                "shasum": ""
            },
            "require": {
                "php": ">=5.3.0"
            },
            "require-dev": {
                "phake/phake": "1.*"
            },
            "type": "library",
            "autoload": {
                "psr-0": {
                    "Icecave\\Repr": "lib"
                }
            },
            "notification-url": "https://packagist.org/downloads/",
            "license": [
                "MIT"
            ],
            "authors": [
                {
                    "name": "James Harris",
                    "email": "james.harris@icecave.com.au"
                }
            ],
            "description": "Human readable string representations of everything.",
            "homepage": "https://github.com/IcecaveStudios/repr",
            "keywords": [
                "repr",
                "representation",
                "string"
            ],
            "time": "2013-01-11 00:04:43"
        },
        {
            "name": "phake/phake",
            "version": "v1.0.3",
            "source": {
                "type": "git",
                "url": "git://github.com/mlively/Phake.git",
                "reference": "v1.0.3"
            },
            "dist": {
                "type": "zip",
                "url": "https://github.com/mlively/Phake/zipball/v1.0.3",
                "reference": "v1.0.3",
                "shasum": ""
            },
            "require": {
                "php": ">=5.2.0"
            },
            "type": "library",
            "autoload": {
                "classmap": [
                    "src"
                ]
            },
            "notification-url": "https://packagist.org/downloads/",
            "include-path": [
                "src"
            ],
            "license": [
                "BSD"
            ],
            "authors": [
                {
                    "name": "Mike Lively",
                    "email": "m@digitalsandwich.com"
                }
            ],
            "description": "The Phake mock testing library",
            "homepage": "https://github.com/mlively/Phake",
            "keywords": [
                "mock",
                "testing"
            ],
            "time": "2012-05-14 08:06:51"
        },
        {
            "name": "symfony/console",
            "version": "v2.2.1",
            "target-dir": "Symfony/Component/Console",
            "source": {
                "type": "git",
                "url": "https://github.com/symfony/Console.git",
                "reference": "v2.2.1"
            },
            "dist": {
                "type": "zip",
                "url": "https://api.github.com/repos/symfony/Console/zipball/v2.2.1",
                "reference": "v2.2.1",
                "shasum": ""
            },
            "require": {
                "php": ">=5.3.3"
            },
            "type": "library",
            "extra": {
                "branch-alias": {
                    "dev-master": "2.2-dev"
                }
            },
            "autoload": {
                "psr-0": {
                    "Symfony\\Component\\Console\\": ""
                }
            },
            "notification-url": "https://packagist.org/downloads/",
            "license": [
                "MIT"
            ],
            "authors": [
                {
                    "name": "Fabien Potencier",
                    "email": "fabien@symfony.com"
                },
                {
                    "name": "Symfony Community",
                    "homepage": "http://symfony.com/contributors"
                }
            ],
            "description": "Symfony Console Component",
            "homepage": "http://symfony.com",
            "time": "2013-03-19 20:48:08"
        },
        {
            "name": "symfony/filesystem",
            "version": "v2.2.1",
            "target-dir": "Symfony/Component/Filesystem",
            "source": {
                "type": "git",
                "url": "https://github.com/symfony/Filesystem.git",
                "reference": "v2.2.1"
            },
            "dist": {
                "type": "zip",
                "url": "https://api.github.com/repos/symfony/Filesystem/zipball/v2.2.1",
                "reference": "v2.2.1",
                "shasum": ""
            },
            "require": {
                "php": ">=5.3.3"
            },
            "type": "library",
            "extra": {
                "branch-alias": {
                    "dev-master": "2.2-dev"
                }
            },
            "autoload": {
                "psr-0": {
                    "Symfony\\Component\\Filesystem\\": ""
                }
            },
            "notification-url": "https://packagist.org/downloads/",
            "license": [
                "MIT"
            ],
            "authors": [
                {
                    "name": "Fabien Potencier",
                    "email": "fabien@symfony.com"
                },
                {
                    "name": "Symfony Community",
                    "homepage": "http://symfony.com/contributors"
                }
            ],
            "description": "Symfony Filesystem Component",
            "homepage": "http://symfony.com",
            "time": "2013-01-17 15:25:59"
        },
        {
            "name": "symfony/process",
            "version": "v2.2.1",
            "target-dir": "Symfony/Component/Process",
            "source": {
                "type": "git",
                "url": "https://github.com/symfony/Process.git",
                "reference": "v2.2.1"
            },
            "dist": {
                "type": "zip",
                "url": "https://api.github.com/repos/symfony/Process/zipball/v2.2.1",
                "reference": "v2.2.1",
                "shasum": ""
            },
            "require": {
                "php": ">=5.3.3"
            },
            "type": "library",
            "extra": {
                "branch-alias": {
                    "dev-master": "2.2-dev"
                }
            },
            "autoload": {
                "psr-0": {
                    "Symfony\\Component\\Process\\": ""
                }
            },
            "notification-url": "https://packagist.org/downloads/",
            "license": [
                "MIT"
            ],
            "authors": [
                {
                    "name": "Fabien Potencier",
                    "email": "fabien@symfony.com"
                },
                {
                    "name": "Symfony Community",
                    "homepage": "http://symfony.com/contributors"
                }
            ],
            "description": "Symfony Process Component",
            "homepage": "http://symfony.com",
            "time": "2013-03-23 07:49:54"
        }
    ],
    "aliases": [

    ],
    "minimum-stability": "stable",
    "stability-flags": [

    ],
    "platform": {
        "php": ">=5.3.3"
    },
    "platform-dev": [

    ]
}
